// !$*UTF8*$!
{
	archiveVersion = 1;
	classes = {
	};
	objectVersion = 56;
	objects = {

/* Begin PBXBuildFile section */
		7D94B59FF60DCD17FC5E38B6 /* Pods_SmartTravelApp.framework in Frameworks */ = {isa = PBXBuildFile; fileRef = BBC921C354E23407E08DA21E /* Pods_SmartTravelApp.framework */; };
		9D2CD14B2BEA754700FB2B53 /* ListEventTableViewCell.swift in Sources */ = {isa = PBXBuildFile; fileRef = 9D2CD14A2BEA754700FB2B53 /* ListEventTableViewCell.swift */; };
		9D2CD14D2BEA7C5200FB2B53 /* TodoTableViewCell.swift in Sources */ = {isa = PBXBuildFile; fileRef = 9D2CD14C2BEA7C5200FB2B53 /* TodoTableViewCell.swift */; };
		9D2CD14F2BEA7C5900FB2B53 /* AddTaskViewController.swift in Sources */ = {isa = PBXBuildFile; fileRef = 9D2CD14E2BEA7C5900FB2B53 /* AddTaskViewController.swift */; };
		9D2CD1512BEA7C6000FB2B53 /* CalendarViewController.swift in Sources */ = {isa = PBXBuildFile; fileRef = 9D2CD1502BEA7C6000FB2B53 /* CalendarViewController.swift */; };
		9D2CD1972BEA7C8700FB2B53 /* TodoTableViewCell.xib in Resources */ = {isa = PBXBuildFile; fileRef = 9D2CD1962BEA7C8700FB2B53 /* TodoTableViewCell.xib */; };
		9D2CD1BC2BEA7DF100FB2B53 /* Todo.swift in Sources */ = {isa = PBXBuildFile; fileRef = 9D2CD1BA2BEA7DF100FB2B53 /* Todo.swift */; };
		9D2CD1BE2BEA7E1B00FB2B53 /* TodoViewModel.swift in Sources */ = {isa = PBXBuildFile; fileRef = 9D2CD1BD2BEA7E1B00FB2B53 /* TodoViewModel.swift */; };
		9D2CD1C02BEA7E2A00FB2B53 /* DateFormatter+Extensions.swift in Sources */ = {isa = PBXBuildFile; fileRef = 9D2CD1BF2BEA7E2A00FB2B53 /* DateFormatter+Extensions.swift */; };
		9D2CD1C62BEA927500FB2B53 /* ChatViewController.swift in Sources */ = {isa = PBXBuildFile; fileRef = 9D2CD1C52BEA927500FB2B53 /* ChatViewController.swift */; };
		9D2CF2312BF50BE200C10BF1 /* MyTableViewCell.swift in Sources */ = {isa = PBXBuildFile; fileRef = 9D2CF2302BF50BE200C10BF1 /* MyTableViewCell.swift */; };
		9D2CF2332BF50BE700C10BF1 /* MainTableViewCell.swift in Sources */ = {isa = PBXBuildFile; fileRef = 9D2CF2322BF50BE700C10BF1 /* MainTableViewCell.swift */; };
		9D2CF2352BF50BF400C10BF1 /* Data.swift in Sources */ = {isa = PBXBuildFile; fileRef = 9D2CF2342BF50BF400C10BF1 /* Data.swift */; };
		9D2CF2372BF50BFE00C10BF1 /* WeatherViewController.swift in Sources */ = {isa = PBXBuildFile; fileRef = 9D2CF2362BF50BFE00C10BF1 /* WeatherViewController.swift */; };
		9D3C93EA2BE2AC3C00649B37 /* AppDelegate.swift in Sources */ = {isa = PBXBuildFile; fileRef = 9D3C93E92BE2AC3C00649B37 /* AppDelegate.swift */; };
		9D3C93EC2BE2AC3C00649B37 /* SceneDelegate.swift in Sources */ = {isa = PBXBuildFile; fileRef = 9D3C93EB2BE2AC3C00649B37 /* SceneDelegate.swift */; };
		9D3C93EE2BE2AC3C00649B37 /* ViewController.swift in Sources */ = {isa = PBXBuildFile; fileRef = 9D3C93ED2BE2AC3C00649B37 /* ViewController.swift */; };
		9D3C93F12BE2AC3C00649B37 /* Base in Resources */ = {isa = PBXBuildFile; fileRef = 9D3C93F02BE2AC3C00649B37 /* Base */; };
		9D3C93F42BE2AC3C00649B37 /* SmartTravelApp.xcdatamodeld in Sources */ = {isa = PBXBuildFile; fileRef = 9D3C93F22BE2AC3C00649B37 /* SmartTravelApp.xcdatamodeld */; };
		9D3C93F62BE2AC4000649B37 /* Assets.xcassets in Resources */ = {isa = PBXBuildFile; fileRef = 9D3C93F52BE2AC4000649B37 /* Assets.xcassets */; };
		9D3C93F92BE2AC4000649B37 /* Base in Resources */ = {isa = PBXBuildFile; fileRef = 9D3C93F82BE2AC4000649B37 /* Base */; };
		9D3C94032BE2ACDC00649B37 /* SliderCollectionViewCell.swift in Sources */ = {isa = PBXBuildFile; fileRef = 9D3C94002BE2ACDC00649B37 /* SliderCollectionViewCell.swift */; };
		9D3C94042BE2ACDC00649B37 /* SliderCollectionViewCell.xib in Resources */ = {isa = PBXBuildFile; fileRef = 9D3C94012BE2ACDC00649B37 /* SliderCollectionViewCell.xib */; };
		9D3C94062BE2AD7C00649B37 /* RoundCircleClass.swift in Sources */ = {isa = PBXBuildFile; fileRef = 9D3C94052BE2AD7C00649B37 /* RoundCircleClass.swift */; };
		9D7511B72BFD215F003D7703 /* APIViewController.swift in Sources */ = {isa = PBXBuildFile; fileRef = 9D7511B62BFD215F003D7703 /* APIViewController.swift */; };
		9D7DF87E2C04D210006B3005 /* DetailViewController.swift in Sources */ = {isa = PBXBuildFile; fileRef = 9D7DF87D2C04D210006B3005 /* DetailViewController.swift */; };
		9D7DF8802C04F95E006B3005 /* favoritemanageTableViewCell.swift in Sources */ = {isa = PBXBuildFile; fileRef = 9D7DF87F2C04F95E006B3005 /* favoritemanageTableViewCell.swift */; };
		9D7DF8822C04F9C1006B3005 /* favoritemanageViewController.swift in Sources */ = {isa = PBXBuildFile; fileRef = 9D7DF8812C04F9C1006B3005 /* favoritemanageViewController.swift */; };
		9D9A2C552C05CC0A00A1FFB4 /* GoogleService-Info.plist in Resources */ = {isa = PBXBuildFile; fileRef = 9D9A2C542C05CC0A00A1FFB4 /* GoogleService-Info.plist */; };
		9D9A2C582C05CF3500A1FFB4 /* FirebaseAnalytics in Frameworks */ = {isa = PBXBuildFile; productRef = 9D9A2C572C05CF3500A1FFB4 /* FirebaseAnalytics */; };
		9D9A2C5A2C05CF3500A1FFB4 /* FirebaseAnalyticsOnDeviceConversion in Frameworks */ = {isa = PBXBuildFile; productRef = 9D9A2C592C05CF3500A1FFB4 /* FirebaseAnalyticsOnDeviceConversion */; };
		9D9A2C5C2C05CF3500A1FFB4 /* FirebaseAnalyticsSwift in Frameworks */ = {isa = PBXBuildFile; productRef = 9D9A2C5B2C05CF3500A1FFB4 /* FirebaseAnalyticsSwift */; };
		9D9A2C5E2C05CF3500A1FFB4 /* FirebaseAnalyticsWithoutAdIdSupport in Frameworks */ = {isa = PBXBuildFile; productRef = 9D9A2C5D2C05CF3500A1FFB4 /* FirebaseAnalyticsWithoutAdIdSupport */; };
		9D9A2C602C05CF3500A1FFB4 /* FirebaseAppCheck in Frameworks */ = {isa = PBXBuildFile; productRef = 9D9A2C5F2C05CF3500A1FFB4 /* FirebaseAppCheck */; };
		9D9A2C622C05E7FB00A1FFB4 /* loginViewController.swift in Sources */ = {isa = PBXBuildFile; fileRef = 9D9A2C612C05E7FB00A1FFB4 /* loginViewController.swift */; };
		9D9A2C642C05E7FF00A1FFB4 /* registerViewController.swift in Sources */ = {isa = PBXBuildFile; fileRef = 9D9A2C632C05E7FF00A1FFB4 /* registerViewController.swift */; };
		9D9A2C672C05E9B300A1FFB4 /* Account.swift in Sources */ = {isa = PBXBuildFile; fileRef = 9D9A2C662C05E9B300A1FFB4 /* Account.swift */; };
		9D9A2C692C05ECE500A1FFB4 /* FirebaseAppDistribution-Beta in Frameworks */ = {isa = PBXBuildFile; productRef = 9D9A2C682C05ECE500A1FFB4 /* FirebaseAppDistribution-Beta */; };
		9D9A2C6B2C05ECE500A1FFB4 /* FirebaseAuth in Frameworks */ = {isa = PBXBuildFile; productRef = 9D9A2C6A2C05ECE500A1FFB4 /* FirebaseAuth */; };
		9D9A2C6D2C05ECE500A1FFB4 /* FirebaseAuthCombine-Community in Frameworks */ = {isa = PBXBuildFile; productRef = 9D9A2C6C2C05ECE500A1FFB4 /* FirebaseAuthCombine-Community */; };
		9D9A2C6F2C05ECE500A1FFB4 /* FirebaseCrashlytics in Frameworks */ = {isa = PBXBuildFile; productRef = 9D9A2C6E2C05ECE500A1FFB4 /* FirebaseCrashlytics */; };
		9D9A2C712C05ECE500A1FFB4 /* FirebaseDatabase in Frameworks */ = {isa = PBXBuildFile; productRef = 9D9A2C702C05ECE500A1FFB4 /* FirebaseDatabase */; };
		9D9A2C732C05ECE500A1FFB4 /* FirebaseDatabaseSwift in Frameworks */ = {isa = PBXBuildFile; productRef = 9D9A2C722C05ECE500A1FFB4 /* FirebaseDatabaseSwift */; };
		9D9A2C752C05ECE500A1FFB4 /* FirebaseDynamicLinks in Frameworks */ = {isa = PBXBuildFile; productRef = 9D9A2C742C05ECE500A1FFB4 /* FirebaseDynamicLinks */; };
		9D9A2C772C05ECE500A1FFB4 /* FirebaseFirestore in Frameworks */ = {isa = PBXBuildFile; productRef = 9D9A2C762C05ECE500A1FFB4 /* FirebaseFirestore */; };
		9D9A2C792C05ECE500A1FFB4 /* FirebaseFirestoreCombine-Community in Frameworks */ = {isa = PBXBuildFile; productRef = 9D9A2C782C05ECE500A1FFB4 /* FirebaseFirestoreCombine-Community */; };
		9D9A2C7B2C05ECE500A1FFB4 /* FirebaseFirestoreSwift in Frameworks */ = {isa = PBXBuildFile; productRef = 9D9A2C7A2C05ECE500A1FFB4 /* FirebaseFirestoreSwift */; };
		9D9A2C7D2C05ECE500A1FFB4 /* FirebaseFunctions in Frameworks */ = {isa = PBXBuildFile; productRef = 9D9A2C7C2C05ECE500A1FFB4 /* FirebaseFunctions */; };
		9D9A2C7F2C05ECE500A1FFB4 /* FirebaseFunctionsCombine-Community in Frameworks */ = {isa = PBXBuildFile; productRef = 9D9A2C7E2C05ECE500A1FFB4 /* FirebaseFunctionsCombine-Community */; };
		9D9A2C812C05ECE500A1FFB4 /* FirebaseInAppMessaging-Beta in Frameworks */ = {isa = PBXBuildFile; productRef = 9D9A2C802C05ECE500A1FFB4 /* FirebaseInAppMessaging-Beta */; };
		9D9A2C832C05ECE500A1FFB4 /* FirebaseInAppMessagingSwift-Beta in Frameworks */ = {isa = PBXBuildFile; productRef = 9D9A2C822C05ECE500A1FFB4 /* FirebaseInAppMessagingSwift-Beta */; };
		9D9A2C852C05ECE500A1FFB4 /* FirebaseInstallations in Frameworks */ = {isa = PBXBuildFile; productRef = 9D9A2C842C05ECE500A1FFB4 /* FirebaseInstallations */; };
		9D9A2C872C05ECE500A1FFB4 /* FirebaseMLModelDownloader in Frameworks */ = {isa = PBXBuildFile; productRef = 9D9A2C862C05ECE500A1FFB4 /* FirebaseMLModelDownloader */; };
		9D9A2C892C05ECE500A1FFB4 /* FirebaseMessaging in Frameworks */ = {isa = PBXBuildFile; productRef = 9D9A2C882C05ECE500A1FFB4 /* FirebaseMessaging */; };
		9D9A2C8B2C05ECE500A1FFB4 /* FirebasePerformance in Frameworks */ = {isa = PBXBuildFile; productRef = 9D9A2C8A2C05ECE500A1FFB4 /* FirebasePerformance */; };
		9D9A2C8D2C05ECE500A1FFB4 /* FirebaseRemoteConfig in Frameworks */ = {isa = PBXBuildFile; productRef = 9D9A2C8C2C05ECE500A1FFB4 /* FirebaseRemoteConfig */; };
		9D9A2C8F2C05ECE500A1FFB4 /* FirebaseRemoteConfigSwift in Frameworks */ = {isa = PBXBuildFile; productRef = 9D9A2C8E2C05ECE500A1FFB4 /* FirebaseRemoteConfigSwift */; };
		9D9A2C912C05ECE500A1FFB4 /* FirebaseStorage in Frameworks */ = {isa = PBXBuildFile; productRef = 9D9A2C902C05ECE500A1FFB4 /* FirebaseStorage */; };
		9D9A2C932C05ECE500A1FFB4 /* FirebaseStorageCombine-Community in Frameworks */ = {isa = PBXBuildFile; productRef = 9D9A2C922C05ECE500A1FFB4 /* FirebaseStorageCombine-Community */; };
		9D9A2C952C05ECE500A1FFB4 /* FirebaseVertexAI-Preview in Frameworks */ = {isa = PBXBuildFile; productRef = 9D9A2C942C05ECE500A1FFB4 /* FirebaseVertexAI-Preview */; };
		9DB22D4B2BF512E400BFEE08 /* newsViewController.swift in Sources */ = {isa = PBXBuildFile; fileRef = 9DB22D4A2BF512E400BFEE08 /* newsViewController.swift */; };
		9DB22D4E2BF518F400BFEE08 /* locationViewController.swift in Sources */ = {isa = PBXBuildFile; fileRef = 9DB22D4D2BF518F400BFEE08 /* locationViewController.swift */; };
		9DB22D512BF5203900BFEE08 /* RestaurantViewController.swift in Sources */ = {isa = PBXBuildFile; fileRef = 9DB22D502BF5203900BFEE08 /* RestaurantViewController.swift */; };
		9DB22D542BF544C400BFEE08 /* MapViewController.swift in Sources */ = {isa = PBXBuildFile; fileRef = 9DB22D532BF544C400BFEE08 /* MapViewController.swift */; };
		9DDBC66D2BFE40EC008C7BC9 /* FunctionsViewController.swift in Sources */ = {isa = PBXBuildFile; fileRef = 9DDBC66C2BFE40EC008C7BC9 /* FunctionsViewController.swift */; };
/* End PBXBuildFile section */

/* Begin PBXFileReference section */
		192E5C74E7EC1EB61793D070 /* Pods-SmartTravelApp.debug.xcconfig */ = {isa = PBXFileReference; includeInIndex = 1; lastKnownFileType = text.xcconfig; name = "Pods-SmartTravelApp.debug.xcconfig"; path = "Target Support Files/Pods-SmartTravelApp/Pods-SmartTravelApp.debug.xcconfig"; sourceTree = "<group>"; };
		9D2CD14A2BEA754700FB2B53 /* ListEventTableViewCell.swift */ = {isa = PBXFileReference; lastKnownFileType = sourcecode.swift; path = ListEventTableViewCell.swift; sourceTree = "<group>"; };
		9D2CD14C2BEA7C5200FB2B53 /* TodoTableViewCell.swift */ = {isa = PBXFileReference; fileEncoding = 4; lastKnownFileType = sourcecode.swift; path = TodoTableViewCell.swift; sourceTree = "<group>"; };
		9D2CD14E2BEA7C5900FB2B53 /* AddTaskViewController.swift */ = {isa = PBXFileReference; fileEncoding = 4; lastKnownFileType = sourcecode.swift; path = AddTaskViewController.swift; sourceTree = "<group>"; };
		9D2CD1502BEA7C6000FB2B53 /* CalendarViewController.swift */ = {isa = PBXFileReference; fileEncoding = 4; lastKnownFileType = sourcecode.swift; path = CalendarViewController.swift; sourceTree = "<group>"; };
		9D2CD1962BEA7C8700FB2B53 /* TodoTableViewCell.xib */ = {isa = PBXFileReference; fileEncoding = 4; lastKnownFileType = file.xib; path = TodoTableViewCell.xib; sourceTree = "<group>"; };
		9D2CD1BA2BEA7DF100FB2B53 /* Todo.swift */ = {isa = PBXFileReference; fileEncoding = 4; lastKnownFileType = sourcecode.swift; path = Todo.swift; sourceTree = "<group>"; };
		9D2CD1BD2BEA7E1B00FB2B53 /* TodoViewModel.swift */ = {isa = PBXFileReference; fileEncoding = 4; lastKnownFileType = sourcecode.swift; path = TodoViewModel.swift; sourceTree = "<group>"; };
		9D2CD1BF2BEA7E2A00FB2B53 /* DateFormatter+Extensions.swift */ = {isa = PBXFileReference; fileEncoding = 4; lastKnownFileType = sourcecode.swift; path = "DateFormatter+Extensions.swift"; sourceTree = "<group>"; };
		9D2CD1C52BEA927500FB2B53 /* ChatViewController.swift */ = {isa = PBXFileReference; lastKnownFileType = sourcecode.swift; path = ChatViewController.swift; sourceTree = "<group>"; };
		9D2CF2302BF50BE200C10BF1 /* MyTableViewCell.swift */ = {isa = PBXFileReference; fileEncoding = 4; lastKnownFileType = sourcecode.swift; path = MyTableViewCell.swift; sourceTree = "<group>"; };
		9D2CF2322BF50BE700C10BF1 /* MainTableViewCell.swift */ = {isa = PBXFileReference; fileEncoding = 4; lastKnownFileType = sourcecode.swift; path = MainTableViewCell.swift; sourceTree = "<group>"; };
		9D2CF2342BF50BF400C10BF1 /* Data.swift */ = {isa = PBXFileReference; fileEncoding = 4; lastKnownFileType = sourcecode.swift; path = Data.swift; sourceTree = "<group>"; };
		9D2CF2362BF50BFE00C10BF1 /* WeatherViewController.swift */ = {isa = PBXFileReference; fileEncoding = 4; lastKnownFileType = sourcecode.swift; path = WeatherViewController.swift; sourceTree = "<group>"; };
		9D3C93E62BE2AC3C00649B37 /* SmartTravelApp.app */ = {isa = PBXFileReference; explicitFileType = wrapper.application; includeInIndex = 0; path = SmartTravelApp.app; sourceTree = BUILT_PRODUCTS_DIR; };
		9D3C93E92BE2AC3C00649B37 /* AppDelegate.swift */ = {isa = PBXFileReference; lastKnownFileType = sourcecode.swift; path = AppDelegate.swift; sourceTree = "<group>"; };
		9D3C93EB2BE2AC3C00649B37 /* SceneDelegate.swift */ = {isa = PBXFileReference; lastKnownFileType = sourcecode.swift; path = SceneDelegate.swift; sourceTree = "<group>"; };
		9D3C93ED2BE2AC3C00649B37 /* ViewController.swift */ = {isa = PBXFileReference; lastKnownFileType = sourcecode.swift; path = ViewController.swift; sourceTree = "<group>"; };
		9D3C93F02BE2AC3C00649B37 /* Base */ = {isa = PBXFileReference; lastKnownFileType = file.storyboard; name = Base; path = Base.lproj/Main.storyboard; sourceTree = "<group>"; };
		9D3C93F32BE2AC3C00649B37 /* SmartTravelApp.xcdatamodel */ = {isa = PBXFileReference; lastKnownFileType = wrapper.xcdatamodel; path = SmartTravelApp.xcdatamodel; sourceTree = "<group>"; };
		9D3C93F52BE2AC4000649B37 /* Assets.xcassets */ = {isa = PBXFileReference; lastKnownFileType = folder.assetcatalog; path = Assets.xcassets; sourceTree = "<group>"; };
		9D3C93F82BE2AC4000649B37 /* Base */ = {isa = PBXFileReference; lastKnownFileType = file.storyboard; name = Base; path = Base.lproj/LaunchScreen.storyboard; sourceTree = "<group>"; };
		9D3C93FA2BE2AC4000649B37 /* Info.plist */ = {isa = PBXFileReference; lastKnownFileType = text.plist.xml; path = Info.plist; sourceTree = "<group>"; };
		9D3C94002BE2ACDC00649B37 /* SliderCollectionViewCell.swift */ = {isa = PBXFileReference; fileEncoding = 4; lastKnownFileType = sourcecode.swift; path = SliderCollectionViewCell.swift; sourceTree = "<group>"; };
		9D3C94012BE2ACDC00649B37 /* SliderCollectionViewCell.xib */ = {isa = PBXFileReference; fileEncoding = 4; lastKnownFileType = file.xib; path = SliderCollectionViewCell.xib; sourceTree = "<group>"; };
		9D3C94052BE2AD7C00649B37 /* RoundCircleClass.swift */ = {isa = PBXFileReference; fileEncoding = 4; lastKnownFileType = sourcecode.swift; path = RoundCircleClass.swift; sourceTree = "<group>"; };
		9D7511B62BFD215F003D7703 /* APIViewController.swift */ = {isa = PBXFileReference; lastKnownFileType = sourcecode.swift; path = APIViewController.swift; sourceTree = "<group>"; };
		9D7DF87D2C04D210006B3005 /* DetailViewController.swift */ = {isa = PBXFileReference; lastKnownFileType = sourcecode.swift; path = DetailViewController.swift; sourceTree = "<group>"; };
		9D7DF87F2C04F95E006B3005 /* favoritemanageTableViewCell.swift */ = {isa = PBXFileReference; lastKnownFileType = sourcecode.swift; path = favoritemanageTableViewCell.swift; sourceTree = "<group>"; };
		9D7DF8812C04F9C1006B3005 /* favoritemanageViewController.swift */ = {isa = PBXFileReference; lastKnownFileType = sourcecode.swift; path = favoritemanageViewController.swift; sourceTree = "<group>"; };
		9D9A2C542C05CC0A00A1FFB4 /* GoogleService-Info.plist */ = {isa = PBXFileReference; fileEncoding = 4; lastKnownFileType = text.plist.xml; path = "GoogleService-Info.plist"; sourceTree = "<group>"; };
		9D9A2C612C05E7FB00A1FFB4 /* loginViewController.swift */ = {isa = PBXFileReference; fileEncoding = 4; lastKnownFileType = sourcecode.swift; path = loginViewController.swift; sourceTree = "<group>"; };
		9D9A2C632C05E7FF00A1FFB4 /* registerViewController.swift */ = {isa = PBXFileReference; fileEncoding = 4; lastKnownFileType = sourcecode.swift; path = registerViewController.swift; sourceTree = "<group>"; };
		9D9A2C662C05E9B300A1FFB4 /* Account.swift */ = {isa = PBXFileReference; lastKnownFileType = sourcecode.swift; path = Account.swift; sourceTree = "<group>"; };
		9DB22D4A2BF512E400BFEE08 /* newsViewController.swift */ = {isa = PBXFileReference; lastKnownFileType = sourcecode.swift; path = newsViewController.swift; sourceTree = "<group>"; };
		9DB22D4D2BF518F400BFEE08 /* locationViewController.swift */ = {isa = PBXFileReference; lastKnownFileType = sourcecode.swift; path = locationViewController.swift; sourceTree = "<group>"; };
		9DB22D502BF5203900BFEE08 /* RestaurantViewController.swift */ = {isa = PBXFileReference; lastKnownFileType = sourcecode.swift; path = RestaurantViewController.swift; sourceTree = "<group>"; };
		9DB22D532BF544C400BFEE08 /* MapViewController.swift */ = {isa = PBXFileReference; lastKnownFileType = sourcecode.swift; path = MapViewController.swift; sourceTree = "<group>"; };
		9DDBC66C2BFE40EC008C7BC9 /* FunctionsViewController.swift */ = {isa = PBXFileReference; lastKnownFileType = sourcecode.swift; path = FunctionsViewController.swift; sourceTree = "<group>"; };
		A8DD399836785A9E251288EA /* Pods-SmartTravelApp.release.xcconfig */ = {isa = PBXFileReference; includeInIndex = 1; lastKnownFileType = text.xcconfig; name = "Pods-SmartTravelApp.release.xcconfig"; path = "Target Support Files/Pods-SmartTravelApp/Pods-SmartTravelApp.release.xcconfig"; sourceTree = "<group>"; };
		BBC921C354E23407E08DA21E /* Pods_SmartTravelApp.framework */ = {isa = PBXFileReference; explicitFileType = wrapper.framework; includeInIndex = 0; path = Pods_SmartTravelApp.framework; sourceTree = BUILT_PRODUCTS_DIR; };
/* End PBXFileReference section */

/* Begin PBXFrameworksBuildPhase section */
		9D3C93E32BE2AC3C00649B37 /* Frameworks */ = {
			isa = PBXFrameworksBuildPhase;
			buildActionMask = 2147483647;
			files = (
				9D9A2C7D2C05ECE500A1FFB4 /* FirebaseFunctions in Frameworks */,
				9D9A2C732C05ECE500A1FFB4 /* FirebaseDatabaseSwift in Frameworks */,
				9D9A2C952C05ECE500A1FFB4 /* FirebaseVertexAI-Preview in Frameworks */,
				9D9A2C832C05ECE500A1FFB4 /* FirebaseInAppMessagingSwift-Beta in Frameworks */,
				9D9A2C892C05ECE500A1FFB4 /* FirebaseMessaging in Frameworks */,
				9D9A2C692C05ECE500A1FFB4 /* FirebaseAppDistribution-Beta in Frameworks */,
				9D9A2C6D2C05ECE500A1FFB4 /* FirebaseAuthCombine-Community in Frameworks */,
				9D9A2C792C05ECE500A1FFB4 /* FirebaseFirestoreCombine-Community in Frameworks */,
				9D9A2C5C2C05CF3500A1FFB4 /* FirebaseAnalyticsSwift in Frameworks */,
				9D9A2C872C05ECE500A1FFB4 /* FirebaseMLModelDownloader in Frameworks */,
				9D9A2C5E2C05CF3500A1FFB4 /* FirebaseAnalyticsWithoutAdIdSupport in Frameworks */,
				9D9A2C582C05CF3500A1FFB4 /* FirebaseAnalytics in Frameworks */,
				9D9A2C7B2C05ECE500A1FFB4 /* FirebaseFirestoreSwift in Frameworks */,
				9D9A2C5A2C05CF3500A1FFB4 /* FirebaseAnalyticsOnDeviceConversion in Frameworks */,
				9D9A2C602C05CF3500A1FFB4 /* FirebaseAppCheck in Frameworks */,
				9D9A2C8B2C05ECE500A1FFB4 /* FirebasePerformance in Frameworks */,
				9D9A2C812C05ECE500A1FFB4 /* FirebaseInAppMessaging-Beta in Frameworks */,
				9D9A2C7F2C05ECE500A1FFB4 /* FirebaseFunctionsCombine-Community in Frameworks */,
				9D9A2C6F2C05ECE500A1FFB4 /* FirebaseCrashlytics in Frameworks */,
				9D9A2C852C05ECE500A1FFB4 /* FirebaseInstallations in Frameworks */,
				9D9A2C8D2C05ECE500A1FFB4 /* FirebaseRemoteConfig in Frameworks */,
				9D9A2C912C05ECE500A1FFB4 /* FirebaseStorage in Frameworks */,
				9D9A2C712C05ECE500A1FFB4 /* FirebaseDatabase in Frameworks */,
				9D9A2C932C05ECE500A1FFB4 /* FirebaseStorageCombine-Community in Frameworks */,
				7D94B59FF60DCD17FC5E38B6 /* Pods_SmartTravelApp.framework in Frameworks */,
				9D9A2C6B2C05ECE500A1FFB4 /* FirebaseAuth in Frameworks */,
				9D9A2C752C05ECE500A1FFB4 /* FirebaseDynamicLinks in Frameworks */,
				9D9A2C772C05ECE500A1FFB4 /* FirebaseFirestore in Frameworks */,
				9D9A2C8F2C05ECE500A1FFB4 /* FirebaseRemoteConfigSwift in Frameworks */,
			);
			runOnlyForDeploymentPostprocessing = 0;
		};
/* End PBXFrameworksBuildPhase section */

/* Begin PBXGroup section */
		86FE25F28283B2B9EAA0FDA4 /* Pods */ = {
			isa = PBXGroup;
			children = (
				192E5C74E7EC1EB61793D070 /* Pods-SmartTravelApp.debug.xcconfig */,
				A8DD399836785A9E251288EA /* Pods-SmartTravelApp.release.xcconfig */,
			);
			path = Pods;
			sourceTree = "<group>";
		};
		9D2CD1BB2BEA7DF100FB2B53 /* Models */ = {
			isa = PBXGroup;
			children = (
				9D2CD1BD2BEA7E1B00FB2B53 /* TodoViewModel.swift */,
				9D2CD1BA2BEA7DF100FB2B53 /* Todo.swift */,
			);
			path = Models;
			sourceTree = "<group>";
		};
		9D2CF22D2BF50B2100C10BF1 /* Weather */ = {
			isa = PBXGroup;
			children = (
				9D2CF2362BF50BFE00C10BF1 /* WeatherViewController.swift */,
				9D2CF2342BF50BF400C10BF1 /* Data.swift */,
				9D2CF2302BF50BE200C10BF1 /* MyTableViewCell.swift */,
				9D2CF2322BF50BE700C10BF1 /* MainTableViewCell.swift */,
			);
			path = Weather;
			sourceTree = "<group>";
		};
		9D3C93DD2BE2AC3C00649B37 = {
			isa = PBXGroup;
			children = (
				9D3C93E82BE2AC3C00649B37 /* SmartTravelApp */,
				9D3C93E72BE2AC3C00649B37 /* Products */,
				86FE25F28283B2B9EAA0FDA4 /* Pods */,
				9DEEBAAB1632FD8878849D89 /* Frameworks */,
			);
			sourceTree = "<group>";
		};
		9D3C93E72BE2AC3C00649B37 /* Products */ = {
			isa = PBXGroup;
			children = (
				9D3C93E62BE2AC3C00649B37 /* SmartTravelApp.app */,
			);
			name = Products;
			sourceTree = "<group>";
		};
		9D3C93E82BE2AC3C00649B37 /* SmartTravelApp */ = {
			isa = PBXGroup;
			children = (
				9D9A2C652C05E9A800A1FFB4 /* Firebase */,
				9DB22D522BF544AB00BFEE08 /* Map */,
				9DB22D4F2BF5202D00BFEE08 /* Food */,
				9DB22D4C2BF518E800BFEE08 /* Location */,
				9DB22D492BF512D900BFEE08 /* News */,
				9D2CF22D2BF50B2100C10BF1 /* Weather */,
				9D2CD1BB2BEA7DF100FB2B53 /* Models */,
				9D3C94022BE2ACDC00649B37 /* Cell */,
				9D3C93E92BE2AC3C00649B37 /* AppDelegate.swift */,
				9D3C93EB2BE2AC3C00649B37 /* SceneDelegate.swift */,
				9D3C93ED2BE2AC3C00649B37 /* ViewController.swift */,
				9D2CD1502BEA7C6000FB2B53 /* CalendarViewController.swift */,
				9D2CD1BF2BEA7E2A00FB2B53 /* DateFormatter+Extensions.swift */,
				9D2CD14E2BEA7C5900FB2B53 /* AddTaskViewController.swift */,
				9D3C93EF2BE2AC3C00649B37 /* Main.storyboard */,
				9D3C94052BE2AD7C00649B37 /* RoundCircleClass.swift */,
				9D3C93F52BE2AC4000649B37 /* Assets.xcassets */,
				9D3C93F72BE2AC4000649B37 /* LaunchScreen.storyboard */,
				9D3C93FA2BE2AC4000649B37 /* Info.plist */,
				9D3C93F22BE2AC3C00649B37 /* SmartTravelApp.xcdatamodeld */,
				9D2CD1C52BEA927500FB2B53 /* ChatViewController.swift */,
				9D7511B62BFD215F003D7703 /* APIViewController.swift */,
				9DDBC66C2BFE40EC008C7BC9 /* FunctionsViewController.swift */,
				9D9A2C542C05CC0A00A1FFB4 /* GoogleService-Info.plist */,
				9D7DF87D2C04D210006B3005 /* DetailViewController.swift */,
				9D9A2C612C05E7FB00A1FFB4 /* loginViewController.swift */,
				9D9A2C632C05E7FF00A1FFB4 /* registerViewController.swift */,
				9D7DF8812C04F9C1006B3005 /* favoritemanageViewController.swift */,
			);
			path = SmartTravelApp;
			sourceTree = "<group>";
		};
		9D3C94022BE2ACDC00649B37 /* Cell */ = {
			isa = PBXGroup;
			children = (
				9D2CD1962BEA7C8700FB2B53 /* TodoTableViewCell.xib */,
				9D2CD14C2BEA7C5200FB2B53 /* TodoTableViewCell.swift */,
				9D3C94002BE2ACDC00649B37 /* SliderCollectionViewCell.swift */,
				9D3C94012BE2ACDC00649B37 /* SliderCollectionViewCell.xib */,
				9D2CD14A2BEA754700FB2B53 /* ListEventTableViewCell.swift */,
				9D7DF87F2C04F95E006B3005 /* favoritemanageTableViewCell.swift */,
			);
			path = Cell;
			sourceTree = "<group>";
		};
		9D9A2C652C05E9A800A1FFB4 /* Firebase */ = {
			isa = PBXGroup;
			children = (
				9D9A2C662C05E9B300A1FFB4 /* Account.swift */,
			);
			path = Firebase;
			sourceTree = "<group>";
		};
		9DB22D492BF512D900BFEE08 /* News */ = {
			isa = PBXGroup;
			children = (
				9DB22D4A2BF512E400BFEE08 /* newsViewController.swift */,
			);
			path = News;
			sourceTree = "<group>";
		};
		9DB22D4C2BF518E800BFEE08 /* Location */ = {
			isa = PBXGroup;
			children = (
				9DB22D4D2BF518F400BFEE08 /* locationViewController.swift */,
			);
			path = Location;
			sourceTree = "<group>";
		};
		9DB22D4F2BF5202D00BFEE08 /* Food */ = {
			isa = PBXGroup;
			children = (
				9DB22D502BF5203900BFEE08 /* RestaurantViewController.swift */,
			);
			path = Food;
			sourceTree = "<group>";
		};
		9DB22D522BF544AB00BFEE08 /* Map */ = {
			isa = PBXGroup;
			children = (
				9DB22D532BF544C400BFEE08 /* MapViewController.swift */,
			);
			path = Map;
			sourceTree = "<group>";
		};
		9DEEBAAB1632FD8878849D89 /* Frameworks */ = {
			isa = PBXGroup;
			children = (
				BBC921C354E23407E08DA21E /* Pods_SmartTravelApp.framework */,
			);
			name = Frameworks;
			sourceTree = "<group>";
		};
/* End PBXGroup section */

/* Begin PBXNativeTarget section */
		9D3C93E52BE2AC3C00649B37 /* SmartTravelApp */ = {
			isa = PBXNativeTarget;
			buildConfigurationList = 9D3C93FD2BE2AC4000649B37 /* Build configuration list for PBXNativeTarget "SmartTravelApp" */;
			buildPhases = (
				E01DCC4187C142E5DD0B166E /* [CP] Check Pods Manifest.lock */,
				9D3C93E22BE2AC3C00649B37 /* Sources */,
				9D3C93E32BE2AC3C00649B37 /* Frameworks */,
				9D3C93E42BE2AC3C00649B37 /* Resources */,
				2BE2287EDCBAAED0F1863EE2 /* [CP] Embed Pods Frameworks */,
			);
			buildRules = (
			);
			dependencies = (
			);
			name = SmartTravelApp;
			packageProductDependencies = (
				9D9A2C572C05CF3500A1FFB4 /* FirebaseAnalytics */,
				9D9A2C592C05CF3500A1FFB4 /* FirebaseAnalyticsOnDeviceConversion */,
				9D9A2C5B2C05CF3500A1FFB4 /* FirebaseAnalyticsSwift */,
				9D9A2C5D2C05CF3500A1FFB4 /* FirebaseAnalyticsWithoutAdIdSupport */,
				9D9A2C5F2C05CF3500A1FFB4 /* FirebaseAppCheck */,
				9D9A2C682C05ECE500A1FFB4 /* FirebaseAppDistribution-Beta */,
				9D9A2C6A2C05ECE500A1FFB4 /* FirebaseAuth */,
				9D9A2C6C2C05ECE500A1FFB4 /* FirebaseAuthCombine-Community */,
				9D9A2C6E2C05ECE500A1FFB4 /* FirebaseCrashlytics */,
				9D9A2C702C05ECE500A1FFB4 /* FirebaseDatabase */,
				9D9A2C722C05ECE500A1FFB4 /* FirebaseDatabaseSwift */,
				9D9A2C742C05ECE500A1FFB4 /* FirebaseDynamicLinks */,
				9D9A2C762C05ECE500A1FFB4 /* FirebaseFirestore */,
				9D9A2C782C05ECE500A1FFB4 /* FirebaseFirestoreCombine-Community */,
				9D9A2C7A2C05ECE500A1FFB4 /* FirebaseFirestoreSwift */,
				9D9A2C7C2C05ECE500A1FFB4 /* FirebaseFunctions */,
				9D9A2C7E2C05ECE500A1FFB4 /* FirebaseFunctionsCombine-Community */,
				9D9A2C802C05ECE500A1FFB4 /* FirebaseInAppMessaging-Beta */,
				9D9A2C822C05ECE500A1FFB4 /* FirebaseInAppMessagingSwift-Beta */,
				9D9A2C842C05ECE500A1FFB4 /* FirebaseInstallations */,
				9D9A2C862C05ECE500A1FFB4 /* FirebaseMLModelDownloader */,
				9D9A2C882C05ECE500A1FFB4 /* FirebaseMessaging */,
				9D9A2C8A2C05ECE500A1FFB4 /* FirebasePerformance */,
				9D9A2C8C2C05ECE500A1FFB4 /* FirebaseRemoteConfig */,
				9D9A2C8E2C05ECE500A1FFB4 /* FirebaseRemoteConfigSwift */,
				9D9A2C902C05ECE500A1FFB4 /* FirebaseStorage */,
				9D9A2C922C05ECE500A1FFB4 /* FirebaseStorageCombine-Community */,
				9D9A2C942C05ECE500A1FFB4 /* FirebaseVertexAI-Preview */,
			);
			productName = SmartTravelApp;
			productReference = 9D3C93E62BE2AC3C00649B37 /* SmartTravelApp.app */;
			productType = "com.apple.product-type.application";
		};
/* End PBXNativeTarget section */

/* Begin PBXProject section */
		9D3C93DE2BE2AC3C00649B37 /* Project object */ = {
			isa = PBXProject;
			attributes = {
				BuildIndependentTargetsInParallel = 1;
				LastSwiftUpdateCheck = 1530;
				LastUpgradeCheck = 1530;
				TargetAttributes = {
					9D3C93E52BE2AC3C00649B37 = {
						CreatedOnToolsVersion = 15.3;
					};
				};
			};
			buildConfigurationList = 9D3C93E12BE2AC3C00649B37 /* Build configuration list for PBXProject "SmartTravelApp" */;
			compatibilityVersion = "Xcode 14.0";
			developmentRegion = en;
			hasScannedForEncodings = 0;
			knownRegions = (
				en,
				Base,
			);
			mainGroup = 9D3C93DD2BE2AC3C00649B37;
			packageReferences = (
				9D9A2C562C05CF3500A1FFB4 /* XCRemoteSwiftPackageReference "firebase-ios-sdk" */,
			);
			productRefGroup = 9D3C93E72BE2AC3C00649B37 /* Products */;
			projectDirPath = "";
			projectRoot = "";
			targets = (
				9D3C93E52BE2AC3C00649B37 /* SmartTravelApp */,
			);
		};
/* End PBXProject section */

/* Begin PBXResourcesBuildPhase section */
		9D3C93E42BE2AC3C00649B37 /* Resources */ = {
			isa = PBXResourcesBuildPhase;
			buildActionMask = 2147483647;
			files = (
				9D3C93F62BE2AC4000649B37 /* Assets.xcassets in Resources */,
				9D3C93F92BE2AC4000649B37 /* Base in Resources */,
				9D2CD1972BEA7C8700FB2B53 /* TodoTableViewCell.xib in Resources */,
				9D3C93F12BE2AC3C00649B37 /* Base in Resources */,
				9D3C94042BE2ACDC00649B37 /* SliderCollectionViewCell.xib in Resources */,
				9D9A2C552C05CC0A00A1FFB4 /* GoogleService-Info.plist in Resources */,
			);
			runOnlyForDeploymentPostprocessing = 0;
		};
/* End PBXResourcesBuildPhase section */

/* Begin PBXShellScriptBuildPhase section */
		2BE2287EDCBAAED0F1863EE2 /* [CP] Embed Pods Frameworks */ = {
			isa = PBXShellScriptBuildPhase;
			buildActionMask = 2147483647;
			files = (
			);
			inputFileListPaths = (
				"${PODS_ROOT}/Target Support Files/Pods-SmartTravelApp/Pods-SmartTravelApp-frameworks-${CONFIGURATION}-input-files.xcfilelist",
			);
			name = "[CP] Embed Pods Frameworks";
			outputFileListPaths = (
				"${PODS_ROOT}/Target Support Files/Pods-SmartTravelApp/Pods-SmartTravelApp-frameworks-${CONFIGURATION}-output-files.xcfilelist",
			);
			runOnlyForDeploymentPostprocessing = 0;
			shellPath = /bin/sh;
			shellScript = "\"${PODS_ROOT}/Target Support Files/Pods-SmartTravelApp/Pods-SmartTravelApp-frameworks.sh\"\n";
			showEnvVarsInLog = 0;
		};
		E01DCC4187C142E5DD0B166E /* [CP] Check Pods Manifest.lock */ = {
			isa = PBXShellScriptBuildPhase;
			buildActionMask = 2147483647;
			files = (
			);
			inputFileListPaths = (
			);
			inputPaths = (
				"${PODS_PODFILE_DIR_PATH}/Podfile.lock",
				"${PODS_ROOT}/Manifest.lock",
			);
			name = "[CP] Check Pods Manifest.lock";
			outputFileListPaths = (
			);
			outputPaths = (
				"$(DERIVED_FILE_DIR)/Pods-SmartTravelApp-checkManifestLockResult.txt",
			);
			runOnlyForDeploymentPostprocessing = 0;
			shellPath = /bin/sh;
			shellScript = "diff \"${PODS_PODFILE_DIR_PATH}/Podfile.lock\" \"${PODS_ROOT}/Manifest.lock\" > /dev/null\nif [ $? != 0 ] ; then\n    # print error to STDERR\n    echo \"error: The sandbox is not in sync with the Podfile.lock. Run 'pod install' or update your CocoaPods installation.\" >&2\n    exit 1\nfi\n# This output is used by Xcode 'outputs' to avoid re-running this script phase.\necho \"SUCCESS\" > \"${SCRIPT_OUTPUT_FILE_0}\"\n";
			showEnvVarsInLog = 0;
		};
/* End PBXShellScriptBuildPhase section */

/* Begin PBXSourcesBuildPhase section */
		9D3C93E22BE2AC3C00649B37 /* Sources */ = {
			isa = PBXSourcesBuildPhase;
			buildActionMask = 2147483647;
			files = (
				9D9A2C622C05E7FB00A1FFB4 /* loginViewController.swift in Sources */,
				9DDBC66D2BFE40EC008C7BC9 /* FunctionsViewController.swift in Sources */,
				9D2CD1BE2BEA7E1B00FB2B53 /* TodoViewModel.swift in Sources */,
				9D7DF87E2C04D210006B3005 /* DetailViewController.swift in Sources */,
				9D2CD1BC2BEA7DF100FB2B53 /* Todo.swift in Sources */,
				9D9A2C672C05E9B300A1FFB4 /* Account.swift in Sources */,
				9D2CD1512BEA7C6000FB2B53 /* CalendarViewController.swift in Sources */,
				9D7511B72BFD215F003D7703 /* APIViewController.swift in Sources */,
				9D3C94032BE2ACDC00649B37 /* SliderCollectionViewCell.swift in Sources */,
				9D2CF2372BF50BFE00C10BF1 /* WeatherViewController.swift in Sources */,
				9D3C94062BE2AD7C00649B37 /* RoundCircleClass.swift in Sources */,
				9D2CF2332BF50BE700C10BF1 /* MainTableViewCell.swift in Sources */,
				9D2CF2352BF50BF400C10BF1 /* Data.swift in Sources */,
				9DB22D542BF544C400BFEE08 /* MapViewController.swift in Sources */,
				9DB22D512BF5203900BFEE08 /* RestaurantViewController.swift in Sources */,
				9D3C93EE2BE2AC3C00649B37 /* ViewController.swift in Sources */,
				9D9A2C642C05E7FF00A1FFB4 /* registerViewController.swift in Sources */,
				9D2CD14D2BEA7C5200FB2B53 /* TodoTableViewCell.swift in Sources */,
				9DB22D4B2BF512E400BFEE08 /* newsViewController.swift in Sources */,
				9D3C93F42BE2AC3C00649B37 /* SmartTravelApp.xcdatamodeld in Sources */,
				9D2CF2312BF50BE200C10BF1 /* MyTableViewCell.swift in Sources */,
				9D7DF8802C04F95E006B3005 /* favoritemanageTableViewCell.swift in Sources */,
				9D2CD14B2BEA754700FB2B53 /* ListEventTableViewCell.swift in Sources */,
				9D3C93EA2BE2AC3C00649B37 /* AppDelegate.swift in Sources */,
				9D2CD14F2BEA7C5900FB2B53 /* AddTaskViewController.swift in Sources */,
				9D2CD1C02BEA7E2A00FB2B53 /* DateFormatter+Extensions.swift in Sources */,
				9DB22D4E2BF518F400BFEE08 /* locationViewController.swift in Sources */,
				9D7DF8822C04F9C1006B3005 /* favoritemanageViewController.swift in Sources */,
				9D2CD1C62BEA927500FB2B53 /* ChatViewController.swift in Sources */,
				9D3C93EC2BE2AC3C00649B37 /* SceneDelegate.swift in Sources */,
			);
			runOnlyForDeploymentPostprocessing = 0;
		};
/* End PBXSourcesBuildPhase section */

/* Begin PBXVariantGroup section */
		9D3C93EF2BE2AC3C00649B37 /* Main.storyboard */ = {
			isa = PBXVariantGroup;
			children = (
				9D3C93F02BE2AC3C00649B37 /* Base */,
			);
			name = Main.storyboard;
			sourceTree = "<group>";
		};
		9D3C93F72BE2AC4000649B37 /* LaunchScreen.storyboard */ = {
			isa = PBXVariantGroup;
			children = (
				9D3C93F82BE2AC4000649B37 /* Base */,
			);
			name = LaunchScreen.storyboard;
			sourceTree = "<group>";
		};
/* End PBXVariantGroup section */

/* Begin XCBuildConfiguration section */
		9D3C93FB2BE2AC4000649B37 /* Debug */ = {
			isa = XCBuildConfiguration;
			buildSettings = {
				ALWAYS_SEARCH_USER_PATHS = NO;
				ASSETCATALOG_COMPILER_GENERATE_SWIFT_ASSET_SYMBOL_EXTENSIONS = YES;
				CLANG_ANALYZER_NONNULL = YES;
				CLANG_ANALYZER_NUMBER_OBJECT_CONVERSION = YES_AGGRESSIVE;
				CLANG_CXX_LANGUAGE_STANDARD = "gnu++20";
				CLANG_ENABLE_MODULES = YES;
				CLANG_ENABLE_OBJC_ARC = YES;
				CLANG_ENABLE_OBJC_WEAK = YES;
				CLANG_WARN_BLOCK_CAPTURE_AUTORELEASING = YES;
				CLANG_WARN_BOOL_CONVERSION = YES;
				CLANG_WARN_COMMA = YES;
				CLANG_WARN_CONSTANT_CONVERSION = YES;
				CLANG_WARN_DEPRECATED_OBJC_IMPLEMENTATIONS = YES;
				CLANG_WARN_DIRECT_OBJC_ISA_USAGE = YES_ERROR;
				CLANG_WARN_DOCUMENTATION_COMMENTS = YES;
				CLANG_WARN_EMPTY_BODY = YES;
				CLANG_WARN_ENUM_CONVERSION = YES;
				CLANG_WARN_INFINITE_RECURSION = YES;
				CLANG_WARN_INT_CONVERSION = YES;
				CLANG_WARN_NON_LITERAL_NULL_CONVERSION = YES;
				CLANG_WARN_OBJC_IMPLICIT_RETAIN_SELF = YES;
				CLANG_WARN_OBJC_LITERAL_CONVERSION = YES;
				CLANG_WARN_OBJC_ROOT_CLASS = YES_ERROR;
				CLANG_WARN_QUOTED_INCLUDE_IN_FRAMEWORK_HEADER = YES;
				CLANG_WARN_RANGE_LOOP_ANALYSIS = YES;
				CLANG_WARN_STRICT_PROTOTYPES = YES;
				CLANG_WARN_SUSPICIOUS_MOVE = YES;
				CLANG_WARN_UNGUARDED_AVAILABILITY = YES_AGGRESSIVE;
				CLANG_WARN_UNREACHABLE_CODE = YES;
				CLANG_WARN__DUPLICATE_METHOD_MATCH = YES;
				COPY_PHASE_STRIP = NO;
				DEBUG_INFORMATION_FORMAT = dwarf;
				ENABLE_STRICT_OBJC_MSGSEND = YES;
				ENABLE_TESTABILITY = YES;
				ENABLE_USER_SCRIPT_SANDBOXING = YES;
				GCC_C_LANGUAGE_STANDARD = gnu17;
				GCC_DYNAMIC_NO_PIC = NO;
				GCC_NO_COMMON_BLOCKS = YES;
				GCC_OPTIMIZATION_LEVEL = 0;
				GCC_PREPROCESSOR_DEFINITIONS = (
					"DEBUG=1",
					"$(inherited)",
				);
				GCC_WARN_64_TO_32_BIT_CONVERSION = YES;
				GCC_WARN_ABOUT_RETURN_TYPE = YES_ERROR;
				GCC_WARN_UNDECLARED_SELECTOR = YES;
				GCC_WARN_UNINITIALIZED_AUTOS = YES_AGGRESSIVE;
				GCC_WARN_UNUSED_FUNCTION = YES;
				GCC_WARN_UNUSED_VARIABLE = YES;
				IPHONEOS_DEPLOYMENT_TARGET = 16.0;
				LOCALIZATION_PREFERS_STRING_CATALOGS = YES;
				MTL_ENABLE_DEBUG_INFO = INCLUDE_SOURCE;
				MTL_FAST_MATH = YES;
				ONLY_ACTIVE_ARCH = YES;
				SDKROOT = iphoneos;
				SWIFT_ACTIVE_COMPILATION_CONDITIONS = "DEBUG $(inherited)";
				SWIFT_OPTIMIZATION_LEVEL = "-Onone";
			};
			name = Debug;
		};
		9D3C93FC2BE2AC4000649B37 /* Release */ = {
			isa = XCBuildConfiguration;
			buildSettings = {
				ALWAYS_SEARCH_USER_PATHS = NO;
				ASSETCATALOG_COMPILER_GENERATE_SWIFT_ASSET_SYMBOL_EXTENSIONS = YES;
				CLANG_ANALYZER_NONNULL = YES;
				CLANG_ANALYZER_NUMBER_OBJECT_CONVERSION = YES_AGGRESSIVE;
				CLANG_CXX_LANGUAGE_STANDARD = "gnu++20";
				CLANG_ENABLE_MODULES = YES;
				CLANG_ENABLE_OBJC_ARC = YES;
				CLANG_ENABLE_OBJC_WEAK = YES;
				CLANG_WARN_BLOCK_CAPTURE_AUTORELEASING = YES;
				CLANG_WARN_BOOL_CONVERSION = YES;
				CLANG_WARN_COMMA = YES;
				CLANG_WARN_CONSTANT_CONVERSION = YES;
				CLANG_WARN_DEPRECATED_OBJC_IMPLEMENTATIONS = YES;
				CLANG_WARN_DIRECT_OBJC_ISA_USAGE = YES_ERROR;
				CLANG_WARN_DOCUMENTATION_COMMENTS = YES;
				CLANG_WARN_EMPTY_BODY = YES;
				CLANG_WARN_ENUM_CONVERSION = YES;
				CLANG_WARN_INFINITE_RECURSION = YES;
				CLANG_WARN_INT_CONVERSION = YES;
				CLANG_WARN_NON_LITERAL_NULL_CONVERSION = YES;
				CLANG_WARN_OBJC_IMPLICIT_RETAIN_SELF = YES;
				CLANG_WARN_OBJC_LITERAL_CONVERSION = YES;
				CLANG_WARN_OBJC_ROOT_CLASS = YES_ERROR;
				CLANG_WARN_QUOTED_INCLUDE_IN_FRAMEWORK_HEADER = YES;
				CLANG_WARN_RANGE_LOOP_ANALYSIS = YES;
				CLANG_WARN_STRICT_PROTOTYPES = YES;
				CLANG_WARN_SUSPICIOUS_MOVE = YES;
				CLANG_WARN_UNGUARDED_AVAILABILITY = YES_AGGRESSIVE;
				CLANG_WARN_UNREACHABLE_CODE = YES;
				CLANG_WARN__DUPLICATE_METHOD_MATCH = YES;
				COPY_PHASE_STRIP = NO;
				DEBUG_INFORMATION_FORMAT = "dwarf-with-dsym";
				ENABLE_NS_ASSERTIONS = NO;
				ENABLE_STRICT_OBJC_MSGSEND = YES;
				ENABLE_USER_SCRIPT_SANDBOXING = YES;
				GCC_C_LANGUAGE_STANDARD = gnu17;
				GCC_NO_COMMON_BLOCKS = YES;
				GCC_WARN_64_TO_32_BIT_CONVERSION = YES;
				GCC_WARN_ABOUT_RETURN_TYPE = YES_ERROR;
				GCC_WARN_UNDECLARED_SELECTOR = YES;
				GCC_WARN_UNINITIALIZED_AUTOS = YES_AGGRESSIVE;
				GCC_WARN_UNUSED_FUNCTION = YES;
				GCC_WARN_UNUSED_VARIABLE = YES;
				IPHONEOS_DEPLOYMENT_TARGET = 16.0;
				LOCALIZATION_PREFERS_STRING_CATALOGS = YES;
				MTL_ENABLE_DEBUG_INFO = NO;
				MTL_FAST_MATH = YES;
				SDKROOT = iphoneos;
				SWIFT_COMPILATION_MODE = wholemodule;
				VALIDATE_PRODUCT = YES;
			};
			name = Release;
		};
		9D3C93FE2BE2AC4000649B37 /* Debug */ = {
			isa = XCBuildConfiguration;
			baseConfigurationReference = 192E5C74E7EC1EB61793D070 /* Pods-SmartTravelApp.debug.xcconfig */;
			buildSettings = {
				ASSETCATALOG_COMPILER_APPICON_NAME = AppIcon;
				ASSETCATALOG_COMPILER_GLOBAL_ACCENT_COLOR_NAME = AccentColor;
				CODE_SIGN_STYLE = Automatic;
				CURRENT_PROJECT_VERSION = 1;
				DEVELOPMENT_TEAM = "";
				ENABLE_USER_SCRIPT_SANDBOXING = NO;
				GENERATE_INFOPLIST_FILE = YES;
				INFOPLIST_FILE = SmartTravelApp/Info.plist;
				INFOPLIST_KEY_CFBundleDisplayName = AiVoyage;
				INFOPLIST_KEY_NSLocationAlwaysUsageDescription = "So we can find your location to plot on the map";
				INFOPLIST_KEY_NSLocationWhenInUseUsageDescription = "So we can find your location to plot on the map";
				INFOPLIST_KEY_UIApplicationSupportsIndirectInputEvents = YES;
				INFOPLIST_KEY_UILaunchStoryboardName = LaunchScreen;
				INFOPLIST_KEY_UIMainStoryboardFile = Main;
				INFOPLIST_KEY_UISupportedInterfaceOrientations_iPad = "UIInterfaceOrientationPortrait UIInterfaceOrientationPortraitUpsideDown UIInterfaceOrientationLandscapeLeft UIInterfaceOrientationLandscapeRight";
				INFOPLIST_KEY_UISupportedInterfaceOrientations_iPhone = "UIInterfaceOrientationPortrait UIInterfaceOrientationLandscapeLeft UIInterfaceOrientationLandscapeRight";
				IPHONEOS_DEPLOYMENT_TARGET = 16.0;
				LD_RUNPATH_SEARCH_PATHS = (
					"$(inherited)",
					"@executable_path/Frameworks",
				);
				MARKETING_VERSION = 1.0;
				PRODUCT_BUNDLE_IDENTIFIER = com.app.SmartTravelApp;
				PRODUCT_NAME = "$(TARGET_NAME)";
				SUPPORTED_PLATFORMS = "iphoneos iphonesimulator";
				SUPPORTS_MACCATALYST = NO;
				SUPPORTS_XR_DESIGNED_FOR_IPHONE_IPAD = NO;
				SWIFT_EMIT_LOC_STRINGS = YES;
				SWIFT_VERSION = 5.0;
				TARGETED_DEVICE_FAMILY = "1,2";
			};
			name = Debug;
		};
		9D3C93FF2BE2AC4000649B37 /* Release */ = {
			isa = XCBuildConfiguration;
			baseConfigurationReference = A8DD399836785A9E251288EA /* Pods-SmartTravelApp.release.xcconfig */;
			buildSettings = {
				ASSETCATALOG_COMPILER_APPICON_NAME = AppIcon;
				ASSETCATALOG_COMPILER_GLOBAL_ACCENT_COLOR_NAME = AccentColor;
				CODE_SIGN_STYLE = Automatic;
				CURRENT_PROJECT_VERSION = 1;
				DEVELOPMENT_TEAM = "";
				ENABLE_USER_SCRIPT_SANDBOXING = NO;
				GENERATE_INFOPLIST_FILE = YES;
				INFOPLIST_FILE = SmartTravelApp/Info.plist;
				INFOPLIST_KEY_CFBundleDisplayName = AiVoyage;
				INFOPLIST_KEY_NSLocationAlwaysUsageDescription = "So we can find your location to plot on the map";
				INFOPLIST_KEY_NSLocationWhenInUseUsageDescription = "So we can find your location to plot on the map";
				INFOPLIST_KEY_UIApplicationSupportsIndirectInputEvents = YES;
				INFOPLIST_KEY_UILaunchStoryboardName = LaunchScreen;
				INFOPLIST_KEY_UIMainStoryboardFile = Main;
				INFOPLIST_KEY_UISupportedInterfaceOrientations_iPad = "UIInterfaceOrientationPortrait UIInterfaceOrientationPortraitUpsideDown UIInterfaceOrientationLandscapeLeft UIInterfaceOrientationLandscapeRight";
				INFOPLIST_KEY_UISupportedInterfaceOrientations_iPhone = "UIInterfaceOrientationPortrait UIInterfaceOrientationLandscapeLeft UIInterfaceOrientationLandscapeRight";
				IPHONEOS_DEPLOYMENT_TARGET = 16.0;
				LD_RUNPATH_SEARCH_PATHS = (
					"$(inherited)",
					"@executable_path/Frameworks",
				);
				MARKETING_VERSION = 1.0;
				PRODUCT_BUNDLE_IDENTIFIER = com.app.SmartTravelApp;
				PRODUCT_NAME = "$(TARGET_NAME)";
				SUPPORTED_PLATFORMS = "iphoneos iphonesimulator";
				SUPPORTS_MACCATALYST = NO;
				SUPPORTS_XR_DESIGNED_FOR_IPHONE_IPAD = NO;
				SWIFT_EMIT_LOC_STRINGS = YES;
				SWIFT_VERSION = 5.0;
				TARGETED_DEVICE_FAMILY = "1,2";
			};
			name = Release;
		};
/* End XCBuildConfiguration section */

/* Begin XCConfigurationList section */
		9D3C93E12BE2AC3C00649B37 /* Build configuration list for PBXProject "SmartTravelApp" */ = {
			isa = XCConfigurationList;
			buildConfigurations = (
				9D3C93FB2BE2AC4000649B37 /* Debug */,
				9D3C93FC2BE2AC4000649B37 /* Release */,
			);
			defaultConfigurationIsVisible = 0;
			defaultConfigurationName = Release;
		};
		9D3C93FD2BE2AC4000649B37 /* Build configuration list for PBXNativeTarget "SmartTravelApp" */ = {
			isa = XCConfigurationList;
			buildConfigurations = (
				9D3C93FE2BE2AC4000649B37 /* Debug */,
				9D3C93FF2BE2AC4000649B37 /* Release */,
			);
			defaultConfigurationIsVisible = 0;
			defaultConfigurationName = Release;
		};
/* End XCConfigurationList section */

/* Begin XCRemoteSwiftPackageReference section */
		9D9A2C562C05CF3500A1FFB4 /* XCRemoteSwiftPackageReference "firebase-ios-sdk" */ = {
			isa = XCRemoteSwiftPackageReference;
			repositoryURL = "https://github.com/firebase/firebase-ios-sdk";
			requirement = {
				kind = upToNextMajorVersion;
				minimumVersion = 10.26.0;
			};
		};
/* End XCRemoteSwiftPackageReference section */

/* Begin XCSwiftPackageProductDependency section */
		9D9A2C572C05CF3500A1FFB4 /* FirebaseAnalytics */ = {
			isa = XCSwiftPackageProductDependency;
			package = 9D9A2C562C05CF3500A1FFB4 /* XCRemoteSwiftPackageReference "firebase-ios-sdk" */;
			productName = FirebaseAnalytics;
		};
		9D9A2C592C05CF3500A1FFB4 /* FirebaseAnalyticsOnDeviceConversion */ = {
			isa = XCSwiftPackageProductDependency;
			package = 9D9A2C562C05CF3500A1FFB4 /* XCRemoteSwiftPackageReference "firebase-ios-sdk" */;
			productName = FirebaseAnalyticsOnDeviceConversion;
		};
		9D9A2C5B2C05CF3500A1FFB4 /* FirebaseAnalyticsSwift */ = {
			isa = XCSwiftPackageProductDependency;
			package = 9D9A2C562C05CF3500A1FFB4 /* XCRemoteSwiftPackageReference "firebase-ios-sdk" */;
			productName = FirebaseAnalyticsSwift;
		};
		9D9A2C5D2C05CF3500A1FFB4 /* FirebaseAnalyticsWithoutAdIdSupport */ = {
			isa = XCSwiftPackageProductDependency;
			package = 9D9A2C562C05CF3500A1FFB4 /* XCRemoteSwiftPackageReference "firebase-ios-sdk" */;
			productName = FirebaseAnalyticsWithoutAdIdSupport;
		};
		9D9A2C5F2C05CF3500A1FFB4 /* FirebaseAppCheck */ = {
			isa = XCSwiftPackageProductDependency;
			package = 9D9A2C562C05CF3500A1FFB4 /* XCRemoteSwiftPackageReference "firebase-ios-sdk" */;
			productName = FirebaseAppCheck;
		};
		9D9A2C682C05ECE500A1FFB4 /* FirebaseAppDistribution-Beta */ = {
			isa = XCSwiftPackageProductDependency;
			package = 9D9A2C562C05CF3500A1FFB4 /* XCRemoteSwiftPackageReference "firebase-ios-sdk" */;
			productName = "FirebaseAppDistribution-Beta";
		};
		9D9A2C6A2C05ECE500A1FFB4 /* FirebaseAuth */ = {
			isa = XCSwiftPackageProductDependency;
			package = 9D9A2C562C05CF3500A1FFB4 /* XCRemoteSwiftPackageReference "firebase-ios-sdk" */;
			productName = FirebaseAuth;
		};
		9D9A2C6C2C05ECE500A1FFB4 /* FirebaseAuthCombine-Community */ = {
			isa = XCSwiftPackageProductDependency;
			package = 9D9A2C562C05CF3500A1FFB4 /* XCRemoteSwiftPackageReference "firebase-ios-sdk" */;
			productName = "FirebaseAuthCombine-Community";
		};
		9D9A2C6E2C05ECE500A1FFB4 /* FirebaseCrashlytics */ = {
			isa = XCSwiftPackageProductDependency;
			package = 9D9A2C562C05CF3500A1FFB4 /* XCRemoteSwiftPackageReference "firebase-ios-sdk" */;
			productName = FirebaseCrashlytics;
		};
		9D9A2C702C05ECE500A1FFB4 /* FirebaseDatabase */ = {
			isa = XCSwiftPackageProductDependency;
			package = 9D9A2C562C05CF3500A1FFB4 /* XCRemoteSwiftPackageReference "firebase-ios-sdk" */;
			productName = FirebaseDatabase;
		};
		9D9A2C722C05ECE500A1FFB4 /* FirebaseDatabaseSwift */ = {
			isa = XCSwiftPackageProductDependency;
			package = 9D9A2C562C05CF3500A1FFB4 /* XCRemoteSwiftPackageReference "firebase-ios-sdk" */;
			productName = FirebaseDatabaseSwift;
		};
		9D9A2C742C05ECE500A1FFB4 /* FirebaseDynamicLinks */ = {
			isa = XCSwiftPackageProductDependency;
			package = 9D9A2C562C05CF3500A1FFB4 /* XCRemoteSwiftPackageReference "firebase-ios-sdk" */;
			productName = FirebaseDynamicLinks;
		};
		9D9A2C762C05ECE500A1FFB4 /* FirebaseFirestore */ = {
			isa = XCSwiftPackageProductDependency;
			package = 9D9A2C562C05CF3500A1FFB4 /* XCRemoteSwiftPackageReference "firebase-ios-sdk" */;
			productName = FirebaseFirestore;
		};
		9D9A2C782C05ECE500A1FFB4 /* FirebaseFirestoreCombine-Community */ = {
			isa = XCSwiftPackageProductDependency;
			package = 9D9A2C562C05CF3500A1FFB4 /* XCRemoteSwiftPackageReference "firebase-ios-sdk" */;
			productName = "FirebaseFirestoreCombine-Community";
		};
		9D9A2C7A2C05ECE500A1FFB4 /* FirebaseFirestoreSwift */ = {
			isa = XCSwiftPackageProductDependency;
			package = 9D9A2C562C05CF3500A1FFB4 /* XCRemoteSwiftPackageReference "firebase-ios-sdk" */;
			productName = FirebaseFirestoreSwift;
		};
		9D9A2C7C2C05ECE500A1FFB4 /* FirebaseFunctions */ = {
			isa = XCSwiftPackageProductDependency;
			package = 9D9A2C562C05CF3500A1FFB4 /* XCRemoteSwiftPackageReference "firebase-ios-sdk" */;
			productName = FirebaseFunctions;
		};
		9D9A2C7E2C05ECE500A1FFB4 /* FirebaseFunctionsCombine-Community */ = {
			isa = XCSwiftPackageProductDependency;
			package = 9D9A2C562C05CF3500A1FFB4 /* XCRemoteSwiftPackageReference "firebase-ios-sdk" */;
			productName = "FirebaseFunctionsCombine-Community";
		};
		9D9A2C802C05ECE500A1FFB4 /* FirebaseInAppMessaging-Beta */ = {
			isa = XCSwiftPackageProductDependency;
			package = 9D9A2C562C05CF3500A1FFB4 /* XCRemoteSwiftPackageReference "firebase-ios-sdk" */;
			productName = "FirebaseInAppMessaging-Beta";
		};
		9D9A2C822C05ECE500A1FFB4 /* FirebaseInAppMessagingSwift-Beta */ = {
			isa = XCSwiftPackageProductDependency;
			package = 9D9A2C562C05CF3500A1FFB4 /* XCRemoteSwiftPackageReference "firebase-ios-sdk" */;
			productName = "FirebaseInAppMessagingSwift-Beta";
		};
		9D9A2C842C05ECE500A1FFB4 /* FirebaseInstallations */ = {
			isa = XCSwiftPackageProductDependency;
			package = 9D9A2C562C05CF3500A1FFB4 /* XCRemoteSwiftPackageReference "firebase-ios-sdk" */;
			productName = FirebaseInstallations;
		};
		9D9A2C862C05ECE500A1FFB4 /* FirebaseMLModelDownloader */ = {
			isa = XCSwiftPackageProductDependency;
			package = 9D9A2C562C05CF3500A1FFB4 /* XCRemoteSwiftPackageReference "firebase-ios-sdk" */;
			productName = FirebaseMLModelDownloader;
		};
		9D9A2C882C05ECE500A1FFB4 /* FirebaseMessaging */ = {
			isa = XCSwiftPackageProductDependency;
			package = 9D9A2C562C05CF3500A1FFB4 /* XCRemoteSwiftPackageReference "firebase-ios-sdk" */;
			productName = FirebaseMessaging;
		};
		9D9A2C8A2C05ECE500A1FFB4 /* FirebasePerformance */ = {
			isa = XCSwiftPackageProductDependency;
			package = 9D9A2C562C05CF3500A1FFB4 /* XCRemoteSwiftPackageReference "firebase-ios-sdk" */;
			productName = FirebasePerformance;
		};
		9D9A2C8C2C05ECE500A1FFB4 /* FirebaseRemoteConfig */ = {
			isa = XCSwiftPackageProductDependency;
			package = 9D9A2C562C05CF3500A1FFB4 /* XCRemoteSwiftPackageReference "firebase-ios-sdk" */;
			productName = FirebaseRemoteConfig;
		};
		9D9A2C8E2C05ECE500A1FFB4 /* FirebaseRemoteConfigSwift */ = {
			isa = XCSwiftPackageProductDependency;
			package = 9D9A2C562C05CF3500A1FFB4 /* XCRemoteSwiftPackageReference "firebase-ios-sdk" */;
			productName = FirebaseRemoteConfigSwift;
		};
		9D9A2C902C05ECE500A1FFB4 /* FirebaseStorage */ = {
			isa = XCSwiftPackageProductDependency;
			package = 9D9A2C562C05CF3500A1FFB4 /* XCRemoteSwiftPackageReference "firebase-ios-sdk" */;
			productName = FirebaseStorage;
		};
		9D9A2C922C05ECE500A1FFB4 /* FirebaseStorageCombine-Community */ = {
			isa = XCSwiftPackageProductDependency;
			package = 9D9A2C562C05CF3500A1FFB4 /* XCRemoteSwiftPackageReference "firebase-ios-sdk" */;
			productName = "FirebaseStorageCombine-Community";
		};
		9D9A2C942C05ECE500A1FFB4 /* FirebaseVertexAI-Preview */ = {
			isa = XCSwiftPackageProductDependency;
			package = 9D9A2C562C05CF3500A1FFB4 /* XCRemoteSwiftPackageReference "firebase-ios-sdk" */;
			productName = "FirebaseVertexAI-Preview";
		};
/* End XCSwiftPackageProductDependency section */

/* Begin XCVersionGroup section */
		9D3C93F22BE2AC3C00649B37 /* SmartTravelApp.xcdatamodeld */ = {
			isa = XCVersionGroup;
			children = (
				9D3C93F32BE2AC3C00649B37 /* SmartTravelApp.xcdatamodel */,
			);
			currentVersion = 9D3C93F32BE2AC3C00649B37 /* SmartTravelApp.xcdatamodel */;
			path = SmartTravelApp.xcdatamodeld;
			sourceTree = "<group>";
			versionGroupType = wrapper.xcdatamodel;
		};
/* End XCVersionGroup section */
	};
	rootObject = 9D3C93DE2BE2AC3C00649B37 /* Project object */;
}
